
Microsoft Visual Studio Solution File, Format Version 12.00
# Visual Studio Version 17
VisualStudioVersion = 17.2.32516.85
MinimumVisualStudioVersion = 10.0.40219.1
Project("{FAE04EC0-301F-11D3-BF4B-00C04F79EFBC}") = "PickRandomCards", "PickRandomCards\PickRandomCards.csproj", "{333070CF-A135-46A5-BDA2-D2D83B1CC086}"
EndProject
Global
	GlobalSection(SolutionConfigurationPlatforms) = preSolution
		Debug|Any CPU = Debug|Any CPU
		Release|Any CPU = Release|Any CPU
	EndGlobalSection
	GlobalSection(ProjectConfigurationPlatforms) = postSolution
		{333070CF-A135-46A5-BDA2-D2D83B1CC086}.Debug|Any CPU.ActiveCfg = Debug|Any CPU
		{333070CF-A135-46A5-BDA2-D2D83B1CC086}.Debug|Any CPU.Build.0 = Debug|Any CPU
		{333070CF-A135-46A5-BDA2-D2D83B1CC086}.Release|Any CPU.ActiveCfg = Release|Any CPU
		{333070CF-A135-46A5-BDA2-D2D83B1CC086}.Release|Any CPU.Build.0 = Release|Any CPU
	EndGlobalSection
	GlobalSection(SolutionProperties) = preSolution
		HideSolutionNode = FALSE
	EndGlobalSection
	GlobalSection(ExtensibilityGlobals) = postSolution
		SolutionGuid = {1DFA7CAA-5C5D-4A05-931F-4F4B85443E99}
	EndGlobalSection
EndGlobal
